// !$*UTF8*$!
{
	archiveVersion = 1;
	classes = {
	};
	objectVersion = 56;
	objects = {

/* Begin PBXBuildFile section */
		6DB03C3F2B6123F50093FD38 /* AppDelegate.swift in Sources */ = {isa = PBXBuildFile; fileRef = 6DB03C3E2B6123F50093FD38 /* AppDelegate.swift */; };
		6DB03C412B6123F50093FD38 /* SceneDelegate.swift in Sources */ = {isa = PBXBuildFile; fileRef = 6DB03C402B6123F50093FD38 /* SceneDelegate.swift */; };
		6DB03C482B6123F90093FD38 /* Assets.xcassets in Resources */ = {isa = PBXBuildFile; fileRef = 6DB03C472B6123F90093FD38 /* Assets.xcassets */; };
		6DB03C4B2B6123F90093FD38 /* LaunchScreen.storyboard in Resources */ = {isa = PBXBuildFile; fileRef = 6DB03C492B6123F90093FD38 /* LaunchScreen.storyboard */; };
		6DB03C6E2B627B040093FD38 /* Constants.swift in Sources */ = {isa = PBXBuildFile; fileRef = 6DB03C532B627B040093FD38 /* Constants.swift */; };
		6DB03C702B627B040093FD38 /* HourlyWeatherModel.swift in Sources */ = {isa = PBXBuildFile; fileRef = 6DB03C562B627B040093FD38 /* HourlyWeatherModel.swift */; };
		6DB03C712B627B040093FD38 /* CurrentWeatherModel.swift in Sources */ = {isa = PBXBuildFile; fileRef = 6DB03C572B627B040093FD38 /* CurrentWeatherModel.swift */; };
		6DB03C722B627B040093FD38 /* CurrentWeatherViewController.swift in Sources */ = {isa = PBXBuildFile; fileRef = 6DB03C592B627B040093FD38 /* CurrentWeatherViewController.swift */; };
		6DB03C732B627B040093FD38 /* HourlyWeatherViewController.swift in Sources */ = {isa = PBXBuildFile; fileRef = 6DB03C5A2B627B040093FD38 /* HourlyWeatherViewController.swift */; };
		6DB03C742B627B040093FD38 /* ConnectorViewController.swift in Sources */ = {isa = PBXBuildFile; fileRef = 6DB03C5B2B627B040093FD38 /* ConnectorViewController.swift */; };
		6DB03C752B627B040093FD38 /* ThreeHoursTableViewCell.swift in Sources */ = {isa = PBXBuildFile; fileRef = 6DB03C5E2B627B040093FD38 /* ThreeHoursTableViewCell.swift */; };
		6DB03C762B627B040093FD38 /* ThreeHoursTableViewHeader.swift in Sources */ = {isa = PBXBuildFile; fileRef = 6DB03C5F2B627B040093FD38 /* ThreeHoursTableViewHeader.swift */; };
		6DB03C7B2B627B040093FD38 /* ErrorView.swift in Sources */ = {isa = PBXBuildFile; fileRef = 6DB03C662B627B040093FD38 /* ErrorView.swift */; };
		6DB03C7F2B627B040093FD38 /* APICaller.swift in Sources */ = {isa = PBXBuildFile; fileRef = 6DB03C6D2B627B040093FD38 /* APICaller.swift */; };
		6DB03C822B627EC10093FD38 /* SDWebImage in Frameworks */ = {isa = PBXBuildFile; productRef = 6DB03C812B627EC10093FD38 /* SDWebImage */; };
		6DB03C842B627EC10093FD38 /* SDWebImageMapKit in Frameworks */ = {isa = PBXBuildFile; productRef = 6DB03C832B627EC10093FD38 /* SDWebImageMapKit */; };
		6DB03C862B629B400093FD38 /* DetailView.swift in Sources */ = {isa = PBXBuildFile; fileRef = 6DB03C852B629B400093FD38 /* DetailView.swift */; };
/* End PBXBuildFile section */

/* Begin PBXFileReference section */
		6DB03C3B2B6123F50093FD38 /* ldadi21_final_project.app */ = {isa = PBXFileReference; explicitFileType = wrapper.application; includeInIndex = 0; path = ldadi21_final_project.app; sourceTree = BUILT_PRODUCTS_DIR; };
		6DB03C3E2B6123F50093FD38 /* AppDelegate.swift */ = {isa = PBXFileReference; lastKnownFileType = sourcecode.swift; path = AppDelegate.swift; sourceTree = "<group>"; };
		6DB03C402B6123F50093FD38 /* SceneDelegate.swift */ = {isa = PBXFileReference; lastKnownFileType = sourcecode.swift; path = SceneDelegate.swift; sourceTree = "<group>"; };
		6DB03C472B6123F90093FD38 /* Assets.xcassets */ = {isa = PBXFileReference; lastKnownFileType = folder.assetcatalog; path = Assets.xcassets; sourceTree = "<group>"; };
		6DB03C4A2B6123F90093FD38 /* Base */ = {isa = PBXFileReference; lastKnownFileType = file.storyboard; name = Base; path = Base.lproj/LaunchScreen.storyboard; sourceTree = "<group>"; };
		6DB03C4C2B6123F90093FD38 /* Info.plist */ = {isa = PBXFileReference; lastKnownFileType = text.plist.xml; path = Info.plist; sourceTree = "<group>"; };
		6DB03C532B627B040093FD38 /* Constants.swift */ = {isa = PBXFileReference; fileEncoding = 4; lastKnownFileType = sourcecode.swift; path = Constants.swift; sourceTree = "<group>"; };
		6DB03C562B627B040093FD38 /* HourlyWeatherModel.swift */ = {isa = PBXFileReference; fileEncoding = 4; lastKnownFileType = sourcecode.swift; path = HourlyWeatherModel.swift; sourceTree = "<group>"; };
		6DB03C572B627B040093FD38 /* CurrentWeatherModel.swift */ = {isa = PBXFileReference; fileEncoding = 4; lastKnownFileType = sourcecode.swift; path = CurrentWeatherModel.swift; sourceTree = "<group>"; };
		6DB03C592B627B040093FD38 /* CurrentWeatherViewController.swift */ = {isa = PBXFileReference; fileEncoding = 4; lastKnownFileType = sourcecode.swift; path = CurrentWeatherViewController.swift; sourceTree = "<group>"; };
		6DB03C5A2B627B040093FD38 /* HourlyWeatherViewController.swift */ = {isa = PBXFileReference; fileEncoding = 4; lastKnownFileType = sourcecode.swift; path = HourlyWeatherViewController.swift; sourceTree = "<group>"; };
		6DB03C5B2B627B040093FD38 /* ConnectorViewController.swift */ = {isa = PBXFileReference; fileEncoding = 4; lastKnownFileType = sourcecode.swift; path = ConnectorViewController.swift; sourceTree = "<group>"; };
		6DB03C5E2B627B040093FD38 /* ThreeHoursTableViewCell.swift */ = {isa = PBXFileReference; fileEncoding = 4; lastKnownFileType = sourcecode.swift; path = ThreeHoursTableViewCell.swift; sourceTree = "<group>"; };
		6DB03C5F2B627B040093FD38 /* ThreeHoursTableViewHeader.swift */ = {isa = PBXFileReference; fileEncoding = 4; lastKnownFileType = sourcecode.swift; path = ThreeHoursTableViewHeader.swift; sourceTree = "<group>"; };
		6DB03C662B627B040093FD38 /* ErrorView.swift */ = {isa = PBXFileReference; fileEncoding = 4; lastKnownFileType = sourcecode.swift; path = ErrorView.swift; sourceTree = "<group>"; };
		6DB03C6D2B627B040093FD38 /* APICaller.swift */ = {isa = PBXFileReference; fileEncoding = 4; lastKnownFileType = sourcecode.swift; path = APICaller.swift; sourceTree = "<group>"; };
		6DB03C852B629B400093FD38 /* DetailView.swift */ = {isa = PBXFileReference; lastKnownFileType = sourcecode.swift; path = DetailView.swift; sourceTree = "<group>"; };
/* End PBXFileReference section */

/* Begin PBXFrameworksBuildPhase section */
		6DB03C382B6123F50093FD38 /* Frameworks */ = {
			isa = PBXFrameworksBuildPhase;
			buildActionMask = 2147483647;
			files = (
				6DB03C842B627EC10093FD38 /* SDWebImageMapKit in Frameworks */,
				6DB03C822B627EC10093FD38 /* SDWebImage in Frameworks */,
			);
			runOnlyForDeploymentPostprocessing = 0;
		};
/* End PBXFrameworksBuildPhase section */

/* Begin PBXGroup section */
		6DB03C322B6123F50093FD38 = {
			isa = PBXGroup;
			children = (
				6DB03C3D2B6123F50093FD38 /* ldadi21_final_project */,
				6DB03C3C2B6123F50093FD38 /* Products */,
			);
			sourceTree = "<group>";
		};
		6DB03C3C2B6123F50093FD38 /* Products */ = {
			isa = PBXGroup;
			children = (
				6DB03C3B2B6123F50093FD38 /* ldadi21_final_project.app */,
			);
			name = Products;
			sourceTree = "<group>";
		};
		6DB03C3D2B6123F50093FD38 /* ldadi21_final_project */ = {
			isa = PBXGroup;
			children = (
				6DB03C582B627B040093FD38 /* Controllers */,
				6DB03C522B627B040093FD38 /* Librarys */,
				6DB03C6C2B627B040093FD38 /* API */,
				6DB03C552B627B040093FD38 /* Models */,
				6DB03C5C2B627B040093FD38 /* Views */,
				6DB03C3E2B6123F50093FD38 /* AppDelegate.swift */,
				6DB03C402B6123F50093FD38 /* SceneDelegate.swift */,
				6DB03C472B6123F90093FD38 /* Assets.xcassets */,
				6DB03C492B6123F90093FD38 /* LaunchScreen.storyboard */,
				6DB03C4C2B6123F90093FD38 /* Info.plist */,
			);
			path = ldadi21_final_project;
			sourceTree = "<group>";
		};
		6DB03C522B627B040093FD38 /* Librarys */ = {
			isa = PBXGroup;
			children = (
				6DB03C532B627B040093FD38 /* Constants.swift */,
			);
			path = Librarys;
			sourceTree = "<group>";
		};
		6DB03C552B627B040093FD38 /* Models */ = {
			isa = PBXGroup;
			children = (
				6DB03C572B627B040093FD38 /* CurrentWeatherModel.swift */,
				6DB03C562B627B040093FD38 /* HourlyWeatherModel.swift */,
			);
			path = Models;
			sourceTree = "<group>";
		};
		6DB03C582B627B040093FD38 /* Controllers */ = {
			isa = PBXGroup;
			children = (
				6DB03C592B627B040093FD38 /* CurrentWeatherViewController.swift */,
				6DB03C5A2B627B040093FD38 /* HourlyWeatherViewController.swift */,
				6DB03C5B2B627B040093FD38 /* ConnectorViewController.swift */,
			);
			path = Controllers;
			sourceTree = "<group>";
		};
		6DB03C5C2B627B040093FD38 /* Views */ = {
			isa = PBXGroup;
			children = (
				6DB03C852B629B400093FD38 /* DetailView.swift */,
				6DB03C5E2B627B040093FD38 /* ThreeHoursTableViewCell.swift */,
				6DB03C5F2B627B040093FD38 /* ThreeHoursTableViewHeader.swift */,
				6DB03C662B627B040093FD38 /* ErrorView.swift */,
			);
			path = Views;
			sourceTree = "<group>";
		};
		6DB03C6C2B627B040093FD38 /* API */ = {
			isa = PBXGroup;
			children = (
				6DB03C6D2B627B040093FD38 /* APICaller.swift */,
			);
			path = API;
			sourceTree = "<group>";
		};
/* End PBXGroup section */

/* Begin PBXNativeTarget section */
		6DB03C3A2B6123F50093FD38 /* ldadi21_final_project */ = {
			isa = PBXNativeTarget;
			buildConfigurationList = 6DB03C4F2B6123F90093FD38 /* Build configuration list for PBXNativeTarget "ldadi21_final_project" */;
			buildPhases = (
				6DB03C372B6123F50093FD38 /* Sources */,
				6DB03C382B6123F50093FD38 /* Frameworks */,
				6DB03C392B6123F50093FD38 /* Resources */,
			);
			buildRules = (
			);
			dependencies = (
			);
			name = ldadi21_final_project;
			packageProductDependencies = (
				6DB03C812B627EC10093FD38 /* SDWebImage */,
				6DB03C832B627EC10093FD38 /* SDWebImageMapKit */,
			);
			productName = ldadi21_final_project;
			productReference = 6DB03C3B2B6123F50093FD38 /* ldadi21_final_project.app */;
			productType = "com.apple.product-type.application";
		};
/* End PBXNativeTarget section */

/* Begin PBXProject section */
		6DB03C332B6123F50093FD38 /* Project object */ = {
			isa = PBXProject;
			attributes = {
				BuildIndependentTargetsInParallel = 1;
				LastSwiftUpdateCheck = 1430;
				LastUpgradeCheck = 1430;
				TargetAttributes = {
					6DB03C3A2B6123F50093FD38 = {
						CreatedOnToolsVersion = 14.3.1;
					};
				};
			};
			buildConfigurationList = 6DB03C362B6123F50093FD38 /* Build configuration list for PBXProject "ldadi21_final_project" */;
			compatibilityVersion = "Xcode 14.0";
			developmentRegion = en;
			hasScannedForEncodings = 0;
			knownRegions = (
				en,
				Base,
			);
			mainGroup = 6DB03C322B6123F50093FD38;
			packageReferences = (
				6DB03C802B627EC10093FD38 /* XCRemoteSwiftPackageReference "SDWebImage" */,
			);
			productRefGroup = 6DB03C3C2B6123F50093FD38 /* Products */;
			projectDirPath = "";
			projectRoot = "";
			targets = (
				6DB03C3A2B6123F50093FD38 /* ldadi21_final_project */,
			);
		};
/* End PBXProject section */

/* Begin PBXResourcesBuildPhase section */
		6DB03C392B6123F50093FD38 /* Resources */ = {
			isa = PBXResourcesBuildPhase;
			buildActionMask = 2147483647;
			files = (
				6DB03C4B2B6123F90093FD38 /* LaunchScreen.storyboard in Resources */,
				6DB03C482B6123F90093FD38 /* Assets.xcassets in Resources */,
			);
			runOnlyForDeploymentPostprocessing = 0;
		};
/* End PBXResourcesBuildPhase section */

/* Begin PBXSourcesBuildPhase section */
		6DB03C372B6123F50093FD38 /* Sources */ = {
			isa = PBXSourcesBuildPhase;
			buildActionMask = 2147483647;
			files = (
				6DB03C752B627B040093FD38 /* ThreeHoursTableViewCell.swift in Sources */,
				6DB03C702B627B040093FD38 /* HourlyWeatherModel.swift in Sources */,
				6DB03C7B2B627B040093FD38 /* ErrorView.swift in Sources */,
				6DB03C732B627B040093FD38 /* HourlyWeatherViewController.swift in Sources */,
				6DB03C712B627B040093FD38 /* CurrentWeatherModel.swift in Sources */,
				6DB03C7F2B627B040093FD38 /* APICaller.swift in Sources */,
				6DB03C722B627B040093FD38 /* CurrentWeatherViewController.swift in Sources */,
				6DB03C762B627B040093FD38 /* ThreeHoursTableViewHeader.swift in Sources */,
				6DB03C3F2B6123F50093FD38 /* AppDelegate.swift in Sources */,
				6DB03C862B629B400093FD38 /* DetailView.swift in Sources */,
				6DB03C412B6123F50093FD38 /* SceneDelegate.swift in Sources */,
				6DB03C6E2B627B040093FD38 /* Constants.swift in Sources */,
				6DB03C742B627B040093FD38 /* ConnectorViewController.swift in Sources */,
			);
			runOnlyForDeploymentPostprocessing = 0;
		};
/* End PBXSourcesBuildPhase section */

/* Begin PBXVariantGroup section */
		6DB03C492B6123F90093FD38 /* LaunchScreen.storyboard */ = {
			isa = PBXVariantGroup;
			children = (
				6DB03C4A2B6123F90093FD38 /* Base */,
			);
			name = LaunchScreen.storyboard;
			sourceTree = "<group>";
		};
/* End PBXVariantGroup section */

/* Begin XCBuildConfiguration section */
		6DB03C4D2B6123F90093FD38 /* Debug */ = {
			isa = XCBuildConfiguration;
			buildSettings = {
				ALWAYS_SEARCH_USER_PATHS = NO;
				CLANG_ANALYZER_NONNULL = YES;
				CLANG_ANALYZER_NUMBER_OBJECT_CONVERSION = YES_AGGRESSIVE;
				CLANG_CXX_LANGUAGE_STANDARD = "gnu++20";
				CLANG_ENABLE_MODULES = YES;
				CLANG_ENABLE_OBJC_ARC = YES;
				CLANG_ENABLE_OBJC_WEAK = YES;
				CLANG_WARN_BLOCK_CAPTURE_AUTORELEASING = YES;
				CLANG_WARN_BOOL_CONVERSION = YES;
				CLANG_WARN_COMMA = YES;
				CLANG_WARN_CONSTANT_CONVERSION = YES;
				CLANG_WARN_DEPRECATED_OBJC_IMPLEMENTATIONS = YES;
				CLANG_WARN_DIRECT_OBJC_ISA_USAGE = YES_ERROR;
				CLANG_WARN_DOCUMENTATION_COMMENTS = YES;
				CLANG_WARN_EMPTY_BODY = YES;
				CLANG_WARN_ENUM_CONVERSION = YES;
				CLANG_WARN_INFINITE_RECURSION = YES;
				CLANG_WARN_INT_CONVERSION = YES;
				CLANG_WARN_NON_LITERAL_NULL_CONVERSION = YES;
				CLANG_WARN_OBJC_IMPLICIT_RETAIN_SELF = YES;
				CLANG_WARN_OBJC_LITERAL_CONVERSION = YES;
				CLANG_WARN_OBJC_ROOT_CLASS = YES_ERROR;
				CLANG_WARN_QUOTED_INCLUDE_IN_FRAMEWORK_HEADER = YES;
				CLANG_WARN_RANGE_LOOP_ANALYSIS = YES;
				CLANG_WARN_STRICT_PROTOTYPES = YES;
				CLANG_WARN_SUSPICIOUS_MOVE = YES;
				CLANG_WARN_UNGUARDED_AVAILABILITY = YES_AGGRESSIVE;
				CLANG_WARN_UNREACHABLE_CODE = YES;
				CLANG_WARN__DUPLICATE_METHOD_MATCH = YES;
				COPY_PHASE_STRIP = NO;
				DEBUG_INFORMATION_FORMAT = dwarf;
				ENABLE_STRICT_OBJC_MSGSEND = YES;
				ENABLE_TESTABILITY = YES;
				GCC_C_LANGUAGE_STANDARD = gnu11;
				GCC_DYNAMIC_NO_PIC = NO;
				GCC_NO_COMMON_BLOCKS = YES;
				GCC_OPTIMIZATION_LEVEL = 0;
				GCC_PREPROCESSOR_DEFINITIONS = (
					"DEBUG=1",
					"$(inherited)",
				);
				GCC_WARN_64_TO_32_BIT_CONVERSION = YES;
				GCC_WARN_ABOUT_RETURN_TYPE = YES_ERROR;
				GCC_WARN_UNDECLARED_SELECTOR = YES;
				GCC_WARN_UNINITIALIZED_AUTOS = YES_AGGRESSIVE;
				GCC_WARN_UNUSED_FUNCTION = YES;
				GCC_WARN_UNUSED_VARIABLE = YES;
				IPHONEOS_DEPLOYMENT_TARGET = 16.4;
				MTL_ENABLE_DEBUG_INFO = INCLUDE_SOURCE;
				MTL_FAST_MATH = YES;
				ONLY_ACTIVE_ARCH = YES;
				SDKROOT = iphoneos;
				SWIFT_ACTIVE_COMPILATION_CONDITIONS = DEBUG;
				SWIFT_OPTIMIZATION_LEVEL = "-Onone";
			};
			name = Debug;
		};
		6DB03C4E2B6123F90093FD38 /* Release */ = {
			isa = XCBuildConfiguration;
			buildSettings = {
				ALWAYS_SEARCH_USER_PATHS = NO;
				CLANG_ANALYZER_NONNULL = YES;
				CLANG_ANALYZER_NUMBER_OBJECT_CONVERSION = YES_AGGRESSIVE;
				CLANG_CXX_LANGUAGE_STANDARD = "gnu++20";
				CLANG_ENABLE_MODULES = YES;
				CLANG_ENABLE_OBJC_ARC = YES;
				CLANG_ENABLE_OBJC_WEAK = YES;
				CLANG_WARN_BLOCK_CAPTURE_AUTORELEASING = YES;
				CLANG_WARN_BOOL_CONVERSION = YES;
				CLANG_WARN_COMMA = YES;
				CLANG_WARN_CONSTANT_CONVERSION = YES;
				CLANG_WARN_DEPRECATED_OBJC_IMPLEMENTATIONS = YES;
				CLANG_WARN_DIRECT_OBJC_ISA_USAGE = YES_ERROR;
				CLANG_WARN_DOCUMENTATION_COMMENTS = YES;
				CLANG_WARN_EMPTY_BODY = YES;
				CLANG_WARN_ENUM_CONVERSION = YES;
				CLANG_WARN_INFINITE_RECURSION = YES;
				CLANG_WARN_INT_CONVERSION = YES;
				CLANG_WARN_NON_LITERAL_NULL_CONVERSION = YES;
				CLANG_WARN_OBJC_IMPLICIT_RETAIN_SELF = YES;
				CLANG_WARN_OBJC_LITERAL_CONVERSION = YES;
				CLANG_WARN_OBJC_ROOT_CLASS = YES_ERROR;
				CLANG_WARN_QUOTED_INCLUDE_IN_FRAMEWORK_HEADER = YES;
				CLANG_WARN_RANGE_LOOP_ANALYSIS = YES;
				CLANG_WARN_STRICT_PROTOTYPES = YES;
				CLANG_WARN_SUSPICIOUS_MOVE = YES;
				CLANG_WARN_UNGUARDED_AVAILABILITY = YES_AGGRESSIVE;
				CLANG_WARN_UNREACHABLE_CODE = YES;
				CLANG_WARN__DUPLICATE_METHOD_MATCH = YES;
				COPY_PHASE_STRIP = NO;
				DEBUG_INFORMATION_FORMAT = "dwarf-with-dsym";
				ENABLE_NS_ASSERTIONS = NO;
				ENABLE_STRICT_OBJC_MSGSEND = YES;
				GCC_C_LANGUAGE_STANDARD = gnu11;
				GCC_NO_COMMON_BLOCKS = YES;
				GCC_WARN_64_TO_32_BIT_CONVERSION = YES;
				GCC_WARN_ABOUT_RETURN_TYPE = YES_ERROR;
				GCC_WARN_UNDECLARED_SELECTOR = YES;
				GCC_WARN_UNINITIALIZED_AUTOS = YES_AGGRESSIVE;
				GCC_WARN_UNUSED_FUNCTION = YES;
				GCC_WARN_UNUSED_VARIABLE = YES;
				IPHONEOS_DEPLOYMENT_TARGET = 16.4;
				MTL_ENABLE_DEBUG_INFO = NO;
				MTL_FAST_MATH = YES;
				SDKROOT = iphoneos;
				SWIFT_COMPILATION_MODE = wholemodule;
				SWIFT_OPTIMIZATION_LEVEL = "-O";
				VALIDATE_PRODUCT = YES;
			};
			name = Release;
		};
		6DB03C502B6123F90093FD38 /* Debug */ = {
			isa = XCBuildConfiguration;
			buildSettings = {
				ASSETCATALOG_COMPILER_APPICON_NAME = AppIcon;
				ASSETCATALOG_COMPILER_GLOBAL_ACCENT_COLOR_NAME = AccentColor;
				CODE_SIGN_STYLE = Automatic;
				CURRENT_PROJECT_VERSION = 1;
				GENERATE_INFOPLIST_FILE = YES;
				INFOPLIST_FILE = ldadi21_final_project/Info.plist;
				INFOPLIST_KEY_NSLocationAlwaysAndWhenInUseUsageDescription = "Please allow location access";
				INFOPLIST_KEY_NSLocationAlwaysUsageDescription = "Please allow location access";
				INFOPLIST_KEY_NSLocationWhenInUseUsageDescription = "Please allow location access";
				INFOPLIST_KEY_UIApplicationSupportsIndirectInputEvents = YES;
				INFOPLIST_KEY_UILaunchStoryboardName = LaunchScreen;
				INFOPLIST_KEY_UISupportedInterfaceOrientations_iPad = "UIInterfaceOrientationPortrait UIInterfaceOrientationPortraitUpsideDown UIInterfaceOrientationLandscapeLeft UIInterfaceOrientationLandscapeRight";
				INFOPLIST_KEY_UISupportedInterfaceOrientations_iPhone = "UIInterfaceOrientationPortrait UIInterfaceOrientationLandscapeLeft UIInterfaceOrientationLandscapeRight";
				LD_RUNPATH_SEARCH_PATHS = (
					"$(inherited)",
					"@executable_path/Frameworks",
				);
				MARKETING_VERSION = 1.0;
				PRODUCT_BUNDLE_IDENTIFIER = "bkart21.ldadi21-final-project";
				PRODUCT_NAME = "$(TARGET_NAME)";
				SWIFT_EMIT_LOC_STRINGS = YES;
				SWIFT_VERSION = 5.0;
				TARGETED_DEVICE_FAMILY = "1,2";
			};
			name = Debug;
		};
		6DB03C512B6123F90093FD38 /* Release */ = {
			isa = XCBuildConfiguration;
			buildSettings = {
				ASSETCATALOG_COMPILER_APPICON_NAME = AppIcon;
				ASSETCATALOG_COMPILER_GLOBAL_ACCENT_COLOR_NAME = AccentColor;
				CODE_SIGN_STYLE = Automatic;
				CURRENT_PROJECT_VERSION = 1;
				GENERATE_INFOPLIST_FILE = YES;
				INFOPLIST_FILE = ldadi21_final_project/Info.plist;
				INFOPLIST_KEY_NSLocationAlwaysAndWhenInUseUsageDescription = "Please allow location access";
				INFOPLIST_KEY_NSLocationAlwaysUsageDescription = "Please allow location access";
				INFOPLIST_KEY_NSLocationWhenInUseUsageDescription = "Please allow location access";
				INFOPLIST_KEY_UIApplicationSupportsIndirectInputEvents = YES;
				INFOPLIST_KEY_UILaunchStoryboardName = LaunchScreen;
				INFOPLIST_KEY_UISupportedInterfaceOrientations_iPad = "UIInterfaceOrientationPortrait UIInterfaceOrientationPortraitUpsideDown UIInterfaceOrientationLandscapeLeft UIInterfaceOrientationLandscapeRight";
				INFOPLIST_KEY_UISupportedInterfaceOrientations_iPhone = "UIInterfaceOrientationPortrait UIInterfaceOrientationLandscapeLeft UIInterfaceOrientationLandscapeRight";
				LD_RUNPATH_SEARCH_PATHS = (
					"$(inherited)",
					"@executable_path/Frameworks",
				);
				MARKETING_VERSION = 1.0;
				PRODUCT_BUNDLE_IDENTIFIER = "bkart21.ldadi21-final-project";
				PRODUCT_NAME = "$(TARGET_NAME)";
				SWIFT_EMIT_LOC_STRINGS = YES;
				SWIFT_VERSION = 5.0;
				TARGETED_DEVICE_FAMILY = "1,2";
			};
			name = Release;
		};
/* End XCBuildConfiguration section */

/* Begin XCConfigurationList section */
		6DB03C362B6123F50093FD38 /* Build configuration list for PBXProject "ldadi21_final_project" */ = {
			isa = XCConfigurationList;
			buildConfigurations = (
				6DB03C4D2B6123F90093FD38 /* Debug */,
				6DB03C4E2B6123F90093FD38 /* Release */,
			);
			defaultConfigurationIsVisible = 0;
			defaultConfigurationName = Release;
		};
		6DB03C4F2B6123F90093FD38 /* Build configuration list for PBXNativeTarget "ldadi21_final_project" */ = {
			isa = XCConfigurationList;
			buildConfigurations = (
				6DB03C502B6123F90093FD38 /* Debug */,
				6DB03C512B6123F90093FD38 /* Release */,
			);
			defaultConfigurationIsVisible = 0;
			defaultConfigurationName = Release;
		};
/* End XCConfigurationList section */

/* Begin XCRemoteSwiftPackageReference section */
		6DB03C802B627EC10093FD38 /* XCRemoteSwiftPackageReference "SDWebImage" */ = {
			isa = XCRemoteSwiftPackageReference;
			repositoryURL = "https://github.com/SDWebImage/SDWebImage.git";
			requirement = {
				kind = upToNextMajorVersion;
				minimumVersion = 5.0.0;
			};
		};
/* End XCRemoteSwiftPackageReference section */

/* Begin XCSwiftPackageProductDependency section */
		6DB03C812B627EC10093FD38 /* SDWebImage */ = {
			isa = XCSwiftPackageProductDependency;
			package = 6DB03C802B627EC10093FD38 /* XCRemoteSwiftPackageReference "SDWebImage" */;
			productName = SDWebImage;
		};
		6DB03C832B627EC10093FD38 /* SDWebImageMapKit */ = {
			isa = XCSwiftPackageProductDependency;
			package = 6DB03C802B627EC10093FD38 /* XCRemoteSwiftPackageReference "SDWebImage" */;
			productName = SDWebImageMapKit;
		};
/* End XCSwiftPackageProductDependency section */
	};
	rootObject = 6DB03C332B6123F50093FD38 /* Project object */;
}
